
Microsoft Visual Studio Solution File, Format Version 12.00
# Visual Studio 15
VisualStudioVersion = 15.0.28307.1209
MinimumVisualStudioVersion = 10.0.40219.1
Project("{FAE04EC0-301F-11D3-BF4B-00C04F79EFBC}") = "Sistema_PetShop", "Sistema_PetShop\Sistema_PetShop.csproj", "{EE03D62E-80EC-45EB-9CAF-947ECAAB3BCB}"
EndProject
Global
	GlobalSection(SolutionConfigurationPlatforms) = preSolution
		Debug|Any CPU = Debug|Any CPU
		Release|Any CPU = Release|Any CPU
	EndGlobalSection
	GlobalSection(ProjectConfigurationPlatforms) = postSolution
		{EE03D62E-80EC-45EB-9CAF-947ECAAB3BCB}.Debug|Any CPU.ActiveCfg = Debug|Any CPU
		{EE03D62E-80EC-45EB-9CAF-947ECAAB3BCB}.Debug|Any CPU.Build.0 = Debug|Any CPU
		{EE03D62E-80EC-45EB-9CAF-947ECAAB3BCB}.Release|Any CPU.ActiveCfg = Release|Any CPU
		{EE03D62E-80EC-45EB-9CAF-947ECAAB3BCB}.Release|Any CPU.Build.0 = Release|Any CPU
	EndGlobalSection
	GlobalSection(SolutionProperties) = preSolution
		HideSolutionNode = FALSE
	EndGlobalSection
	GlobalSection(ExtensibilityGlobals) = postSolution
		SolutionGuid = {FE120FE1-B5A3-4884-9BED-6F0ABB0B8355}
	EndGlobalSection
EndGlobal
